
Microsoft Visual Studio Solution File, Format Version 12.00
# Visual Studio Version 17
VisualStudioVersion = 17.0.31903.59
MinimumVisualStudioVersion = 10.0.40219.1
Project("{9A19103F-16F7-4668-BE54-9A1E7A4F7556}") = "CurrencyRateGateway", "CurrencyRateGateway\CurrencyRateGateway.csproj", "{ABE012CB-E027-4481-80A7-EA9BF1C0FC89}"
EndProject
Project("{9A19103F-16F7-4668-BE54-9A1E7A4F7556}") = "CurrencyRateGateway.Application", "CurrencyRateGateway.Application\CurrencyRateGateway.Application.csproj", "{FA7A908C-C2F6-48E3-B8DE-E4E34EA74FF0}"
EndProject
Project("{9A19103F-16F7-4668-BE54-9A1E7A4F7556}") = "CurrencyRateGateway.Entities", "CurrencyRateGateway.Entities\CurrencyRateGateway.Entities.csproj", "{CBA84944-EE5E-4D6A-A505-1C7DFCCB160C}"
EndProject
Project("{9A19103F-16F7-4668-BE54-9A1E7A4F7556}") = "CurrencyRateGateway.Web", "CurrencyRateGateway.Web\CurrencyRateGateway.Web.csproj", "{E9EE80CB-2D2B-4446-B37E-01EABED13105}"
EndProject
Project("{E53339B2-1760-4266-BCC7-CA923CBCF16C}") = "docker-compose", "docker-compose.dcproj", "{FC9C0636-2463-4755-B693-0F7210D59342}"
EndProject
Global
	GlobalSection(SolutionConfigurationPlatforms) = preSolution
		Debug|Any CPU = Debug|Any CPU
		Debug|x64 = Debug|x64
		Debug|x86 = Debug|x86
		Release|Any CPU = Release|Any CPU
		Release|x64 = Release|x64
		Release|x86 = Release|x86
	EndGlobalSection
	GlobalSection(ProjectConfigurationPlatforms) = postSolution
		{ABE012CB-E027-4481-80A7-EA9BF1C0FC89}.Debug|Any CPU.ActiveCfg = Debug|Any CPU
		{ABE012CB-E027-4481-80A7-EA9BF1C0FC89}.Debug|Any CPU.Build.0 = Debug|Any CPU
		{ABE012CB-E027-4481-80A7-EA9BF1C0FC89}.Debug|x64.ActiveCfg = Debug|Any CPU
		{ABE012CB-E027-4481-80A7-EA9BF1C0FC89}.Debug|x64.Build.0 = Debug|Any CPU
		{ABE012CB-E027-4481-80A7-EA9BF1C0FC89}.Debug|x86.ActiveCfg = Debug|Any CPU
		{ABE012CB-E027-4481-80A7-EA9BF1C0FC89}.Debug|x86.Build.0 = Debug|Any CPU
		{ABE012CB-E027-4481-80A7-EA9BF1C0FC89}.Release|Any CPU.ActiveCfg = Release|Any CPU
		{ABE012CB-E027-4481-80A7-EA9BF1C0FC89}.Release|Any CPU.Build.0 = Release|Any CPU
		{ABE012CB-E027-4481-80A7-EA9BF1C0FC89}.Release|x64.ActiveCfg = Release|Any CPU
		{ABE012CB-E027-4481-80A7-EA9BF1C0FC89}.Release|x64.Build.0 = Release|Any CPU
		{ABE012CB-E027-4481-80A7-EA9BF1C0FC89}.Release|x86.ActiveCfg = Release|Any CPU
		{ABE012CB-E027-4481-80A7-EA9BF1C0FC89}.Release|x86.Build.0 = Release|Any CPU
		{FA7A908C-C2F6-48E3-B8DE-E4E34EA74FF0}.Debug|Any CPU.ActiveCfg = Debug|Any CPU
		{FA7A908C-C2F6-48E3-B8DE-E4E34EA74FF0}.Debug|Any CPU.Build.0 = Debug|Any CPU
		{FA7A908C-C2F6-48E3-B8DE-E4E34EA74FF0}.Debug|x64.ActiveCfg = Debug|Any CPU
		{FA7A908C-C2F6-48E3-B8DE-E4E34EA74FF0}.Debug|x64.Build.0 = Debug|Any CPU
		{FA7A908C-C2F6-48E3-B8DE-E4E34EA74FF0}.Debug|x86.ActiveCfg = Debug|Any CPU
		{FA7A908C-C2F6-48E3-B8DE-E4E34EA74FF0}.Debug|x86.Build.0 = Debug|Any CPU
		{FA7A908C-C2F6-48E3-B8DE-E4E34EA74FF0}.Release|Any CPU.ActiveCfg = Release|Any CPU
		{FA7A908C-C2F6-48E3-B8DE-E4E34EA74FF0}.Release|Any CPU.Build.0 = Release|Any CPU
		{FA7A908C-C2F6-48E3-B8DE-E4E34EA74FF0}.Release|x64.ActiveCfg = Release|Any CPU
		{FA7A908C-C2F6-48E3-B8DE-E4E34EA74FF0}.Release|x64.Build.0 = Release|Any CPU
		{FA7A908C-C2F6-48E3-B8DE-E4E34EA74FF0}.Release|x86.ActiveCfg = Release|Any CPU
		{FA7A908C-C2F6-48E3-B8DE-E4E34EA74FF0}.Release|x86.Build.0 = Release|Any CPU
		{CBA84944-EE5E-4D6A-A505-1C7DFCCB160C}.Debug|Any CPU.ActiveCfg = Debug|Any CPU
		{CBA84944-EE5E-4D6A-A505-1C7DFCCB160C}.Debug|Any CPU.Build.0 = Debug|Any CPU
		{CBA84944-EE5E-4D6A-A505-1C7DFCCB160C}.Debug|x64.ActiveCfg = Debug|Any CPU
		{CBA84944-EE5E-4D6A-A505-1C7DFCCB160C}.Debug|x64.Build.0 = Debug|Any CPU
		{CBA84944-EE5E-4D6A-A505-1C7DFCCB160C}.Debug|x86.ActiveCfg = Debug|Any CPU
		{CBA84944-EE5E-4D6A-A505-1C7DFCCB160C}.Debug|x86.Build.0 = Debug|Any CPU
		{CBA84944-EE5E-4D6A-A505-1C7DFCCB160C}.Release|Any CPU.ActiveCfg = Release|Any CPU
		{CBA84944-EE5E-4D6A-A505-1C7DFCCB160C}.Release|Any CPU.Build.0 = Release|Any CPU
		{CBA84944-EE5E-4D6A-A505-1C7DFCCB160C}.Release|x64.ActiveCfg = Release|Any CPU
		{CBA84944-EE5E-4D6A-A505-1C7DFCCB160C}.Release|x64.Build.0 = Release|Any CPU
		{CBA84944-EE5E-4D6A-A505-1C7DFCCB160C}.Release|x86.ActiveCfg = Release|Any CPU
		{CBA84944-EE5E-4D6A-A505-1C7DFCCB160C}.Release|x86.Build.0 = Release|Any CPU
		{E9EE80CB-2D2B-4446-B37E-01EABED13105}.Debug|Any CPU.ActiveCfg = Debug|Any CPU
		{E9EE80CB-2D2B-4446-B37E-01EABED13105}.Debug|Any CPU.Build.0 = Debug|Any CPU
		{E9EE80CB-2D2B-4446-B37E-01EABED13105}.Debug|x64.ActiveCfg = Debug|Any CPU
		{E9EE80CB-2D2B-4446-B37E-01EABED13105}.Debug|x64.Build.0 = Debug|Any CPU
		{E9EE80CB-2D2B-4446-B37E-01EABED13105}.Debug|x86.ActiveCfg = Debug|Any CPU
		{E9EE80CB-2D2B-4446-B37E-01EABED13105}.Debug|x86.Build.0 = Debug|Any CPU
		{E9EE80CB-2D2B-4446-B37E-01EABED13105}.Release|Any CPU.ActiveCfg = Release|Any CPU
		{E9EE80CB-2D2B-4446-B37E-01EABED13105}.Release|Any CPU.Build.0 = Release|Any CPU
		{E9EE80CB-2D2B-4446-B37E-01EABED13105}.Release|x64.ActiveCfg = Release|Any CPU
		{E9EE80CB-2D2B-4446-B37E-01EABED13105}.Release|x64.Build.0 = Release|Any CPU
		{E9EE80CB-2D2B-4446-B37E-01EABED13105}.Release|x86.ActiveCfg = Release|Any CPU
		{E9EE80CB-2D2B-4446-B37E-01EABED13105}.Release|x86.Build.0 = Release|Any CPU
		{FC9C0636-2463-4755-B693-0F7210D59342}.Debug|Any CPU.ActiveCfg = Debug|Any CPU
		{FC9C0636-2463-4755-B693-0F7210D59342}.Debug|Any CPU.Build.0 = Debug|Any CPU
		{FC9C0636-2463-4755-B693-0F7210D59342}.Debug|x64.ActiveCfg = Debug|Any CPU
		{FC9C0636-2463-4755-B693-0F7210D59342}.Debug|x64.Build.0 = Debug|Any CPU
		{FC9C0636-2463-4755-B693-0F7210D59342}.Debug|x86.ActiveCfg = Debug|Any CPU
		{FC9C0636-2463-4755-B693-0F7210D59342}.Debug|x86.Build.0 = Debug|Any CPU
		{FC9C0636-2463-4755-B693-0F7210D59342}.Release|Any CPU.ActiveCfg = Release|Any CPU
		{FC9C0636-2463-4755-B693-0F7210D59342}.Release|Any CPU.Build.0 = Release|Any CPU
		{FC9C0636-2463-4755-B693-0F7210D59342}.Release|x64.ActiveCfg = Release|Any CPU
		{FC9C0636-2463-4755-B693-0F7210D59342}.Release|x64.Build.0 = Release|Any CPU
		{FC9C0636-2463-4755-B693-0F7210D59342}.Release|x86.ActiveCfg = Release|Any CPU
		{FC9C0636-2463-4755-B693-0F7210D59342}.Release|x86.Build.0 = Release|Any CPU
	EndGlobalSection
	GlobalSection(SolutionProperties) = preSolution
		HideSolutionNode = FALSE
	EndGlobalSection
	GlobalSection(ExtensibilityGlobals) = postSolution
		SolutionGuid = {791749A1-5093-4829-BC2E-E4B047164C63}
	EndGlobalSection
EndGlobal
